// !$*UTF8*$!
{
	archiveVersion = 1;
	classes = {
	};
	objectVersion = 56;
	objects = {

/* Begin PBXBuildFile section */
		45138A112ADAB40C008E1F0A /* GFFollowerCollectionViewCell.swift in Sources */ = {isa = PBXBuildFile; fileRef = 45138A102ADAB40C008E1F0A /* GFFollowerCollectionViewCell.swift */; };
		45138A142ADAB4F6008E1F0A /* GFAvatarImageView.swift in Sources */ = {isa = PBXBuildFile; fileRef = 45138A132ADAB4F6008E1F0A /* GFAvatarImageView.swift */; };
		453673252ADD791B00390549 /* UIHelper.swift in Sources */ = {isa = PBXBuildFile; fileRef = 453673242ADD791B00390549 /* UIHelper.swift */; };
		453673272ADDB86500390549 /* GFEmptyStateView.swift in Sources */ = {isa = PBXBuildFile; fileRef = 453673262ADDB86500390549 /* GFEmptyStateView.swift */; };
		453956622AD7058E00CB5396 /* GFSearchViewController.swift in Sources */ = {isa = PBXBuildFile; fileRef = 453956612AD7058E00CB5396 /* GFSearchViewController.swift */; };
		453956642AD705C100CB5396 /* GFFavoritesListViewController.swift in Sources */ = {isa = PBXBuildFile; fileRef = 453956632AD705C100CB5396 /* GFFavoritesListViewController.swift */; };
		453977512AD98BEC00CFDF04 /* GFTitleLabel.swift in Sources */ = {isa = PBXBuildFile; fileRef = 453977502AD98BEC00CFDF04 /* GFTitleLabel.swift */; };
		453977532AD98E3E00CFDF04 /* GFBodyLabel.swift in Sources */ = {isa = PBXBuildFile; fileRef = 453977522AD98E3E00CFDF04 /* GFBodyLabel.swift */; };
		453977552AD98FC400CFDF04 /* GFCustomAlertViewController.swift in Sources */ = {isa = PBXBuildFile; fileRef = 453977542AD98FC400CFDF04 /* GFCustomAlertViewController.swift */; };
		4539775E2AD9CC7500CFDF04 /* GFFollower.swift in Sources */ = {isa = PBXBuildFile; fileRef = 4539775D2AD9CC7500CFDF04 /* GFFollower.swift */; };
		453977602AD9CD4900CFDF04 /* GFUser.swift in Sources */ = {isa = PBXBuildFile; fileRef = 4539775F2AD9CD4900CFDF04 /* GFUser.swift */; };
		453977632AD9D28600CFDF04 /* GFNetworkManager.swift in Sources */ = {isa = PBXBuildFile; fileRef = 453977622AD9D28600CFDF04 /* GFNetworkManager.swift */; };
		453977662AD9E92600CFDF04 /* GFError.swift in Sources */ = {isa = PBXBuildFile; fileRef = 453977652AD9E92600CFDF04 /* GFError.swift */; };
		45C45FE42ADEF4C800D9B140 /* GFUserInfoViewController.swift in Sources */ = {isa = PBXBuildFile; fileRef = 45C45FE32ADEF4C800D9B140 /* GFUserInfoViewController.swift */; };
		45C45FE62ADF0B4700D9B140 /* GFUserHeaderViewController.swift in Sources */ = {isa = PBXBuildFile; fileRef = 45C45FE52ADF0B4700D9B140 /* GFUserHeaderViewController.swift */; };
		45C45FE82ADF0BD200D9B140 /* GFSecondaryTitleLabel.swift in Sources */ = {isa = PBXBuildFile; fileRef = 45C45FE72ADF0BD200D9B140 /* GFSecondaryTitleLabel.swift */; };
		45C45FEA2ADF148D00D9B140 /* Constants.swift in Sources */ = {isa = PBXBuildFile; fileRef = 45C45FE92ADF148D00D9B140 /* Constants.swift */; };
		45C45FEC2ADF302E00D9B140 /* GFItemInfoView.swift in Sources */ = {isa = PBXBuildFile; fileRef = 45C45FEB2ADF302E00D9B140 /* GFItemInfoView.swift */; };
		45E895A52AD5C683003E96BB /* AppDelegate.swift in Sources */ = {isa = PBXBuildFile; fileRef = 45E895A42AD5C683003E96BB /* AppDelegate.swift */; };
		45E895A72AD5C683003E96BB /* SceneDelegate.swift in Sources */ = {isa = PBXBuildFile; fileRef = 45E895A62AD5C683003E96BB /* SceneDelegate.swift */; };
		45E895AE2AD5C684003E96BB /* Assets.xcassets in Resources */ = {isa = PBXBuildFile; fileRef = 45E895AD2AD5C684003E96BB /* Assets.xcassets */; };
		45E895B12AD5C684003E96BB /* LaunchScreen.storyboard in Resources */ = {isa = PBXBuildFile; fileRef = 45E895AF2AD5C684003E96BB /* LaunchScreen.storyboard */; };
		45F1D5192AE16483002FF1F2 /* GFItemInfoViewController.swift in Sources */ = {isa = PBXBuildFile; fileRef = 45F1D5182AE16483002FF1F2 /* GFItemInfoViewController.swift */; };
		45F1D51B2AE169C2002FF1F2 /* GFItemPRepoViewController.swift in Sources */ = {isa = PBXBuildFile; fileRef = 45F1D51A2AE169C2002FF1F2 /* GFItemPRepoViewController.swift */; };
		45F1D51D2AE16D8E002FF1F2 /* GFFollowersItemViewController.swift in Sources */ = {isa = PBXBuildFile; fileRef = 45F1D51C2AE16D8E002FF1F2 /* GFFollowersItemViewController.swift */; };
		45F1D5202AE182BB002FF1F2 /* Date+Extension.swift in Sources */ = {isa = PBXBuildFile; fileRef = 45F1D51F2AE182BB002FF1F2 /* Date+Extension.swift */; };
		45F1D5222AE182F2002FF1F2 /* String+Extension.swift in Sources */ = {isa = PBXBuildFile; fileRef = 45F1D5212AE182F2002FF1F2 /* String+Extension.swift */; };
		45F4B4B02AD83ED000296257 /* UIViewController+Extensions.swift in Sources */ = {isa = PBXBuildFile; fileRef = 45F4B4AF2AD83ED000296257 /* UIViewController+Extensions.swift */; };
		45F4B4B22AD8406E00296257 /* GFCustomButton.swift in Sources */ = {isa = PBXBuildFile; fileRef = 45F4B4B12AD8406E00296257 /* GFCustomButton.swift */; };
		45F4B4B42AD8459F00296257 /* GFCustomTextField.swift in Sources */ = {isa = PBXBuildFile; fileRef = 45F4B4B32AD8459F00296257 /* GFCustomTextField.swift */; };
		45F4B4B62AD8657400296257 /* GFFollowersListViewController.swift in Sources */ = {isa = PBXBuildFile; fileRef = 45F4B4B52AD8657400296257 /* GFFollowersListViewController.swift */; };
/* End PBXBuildFile section */

/* Begin PBXFileReference section */
		45138A102ADAB40C008E1F0A /* GFFollowerCollectionViewCell.swift */ = {isa = PBXFileReference; lastKnownFileType = sourcecode.swift; path = GFFollowerCollectionViewCell.swift; sourceTree = "<group>"; };
		45138A132ADAB4F6008E1F0A /* GFAvatarImageView.swift */ = {isa = PBXFileReference; lastKnownFileType = sourcecode.swift; path = GFAvatarImageView.swift; sourceTree = "<group>"; };
		453673242ADD791B00390549 /* UIHelper.swift */ = {isa = PBXFileReference; lastKnownFileType = sourcecode.swift; path = UIHelper.swift; sourceTree = "<group>"; };
		453673262ADDB86500390549 /* GFEmptyStateView.swift */ = {isa = PBXFileReference; lastKnownFileType = sourcecode.swift; path = GFEmptyStateView.swift; sourceTree = "<group>"; };
		453956612AD7058E00CB5396 /* GFSearchViewController.swift */ = {isa = PBXFileReference; lastKnownFileType = sourcecode.swift; path = GFSearchViewController.swift; sourceTree = "<group>"; };
		453956632AD705C100CB5396 /* GFFavoritesListViewController.swift */ = {isa = PBXFileReference; lastKnownFileType = sourcecode.swift; path = GFFavoritesListViewController.swift; sourceTree = "<group>"; };
		453977502AD98BEC00CFDF04 /* GFTitleLabel.swift */ = {isa = PBXFileReference; lastKnownFileType = sourcecode.swift; path = GFTitleLabel.swift; sourceTree = "<group>"; };
		453977522AD98E3E00CFDF04 /* GFBodyLabel.swift */ = {isa = PBXFileReference; lastKnownFileType = sourcecode.swift; path = GFBodyLabel.swift; sourceTree = "<group>"; };
		453977542AD98FC400CFDF04 /* GFCustomAlertViewController.swift */ = {isa = PBXFileReference; lastKnownFileType = sourcecode.swift; path = GFCustomAlertViewController.swift; sourceTree = "<group>"; };
		4539775D2AD9CC7500CFDF04 /* GFFollower.swift */ = {isa = PBXFileReference; lastKnownFileType = sourcecode.swift; path = GFFollower.swift; sourceTree = "<group>"; };
		4539775F2AD9CD4900CFDF04 /* GFUser.swift */ = {isa = PBXFileReference; lastKnownFileType = sourcecode.swift; path = GFUser.swift; sourceTree = "<group>"; };
		453977622AD9D28600CFDF04 /* GFNetworkManager.swift */ = {isa = PBXFileReference; lastKnownFileType = sourcecode.swift; path = GFNetworkManager.swift; sourceTree = "<group>"; };
		453977652AD9E92600CFDF04 /* GFError.swift */ = {isa = PBXFileReference; lastKnownFileType = sourcecode.swift; path = GFError.swift; sourceTree = "<group>"; };
		45C45FE32ADEF4C800D9B140 /* GFUserInfoViewController.swift */ = {isa = PBXFileReference; lastKnownFileType = sourcecode.swift; path = GFUserInfoViewController.swift; sourceTree = "<group>"; };
		45C45FE52ADF0B4700D9B140 /* GFUserHeaderViewController.swift */ = {isa = PBXFileReference; lastKnownFileType = sourcecode.swift; path = GFUserHeaderViewController.swift; sourceTree = "<group>"; };
		45C45FE72ADF0BD200D9B140 /* GFSecondaryTitleLabel.swift */ = {isa = PBXFileReference; lastKnownFileType = sourcecode.swift; path = GFSecondaryTitleLabel.swift; sourceTree = "<group>"; };
		45C45FE92ADF148D00D9B140 /* Constants.swift */ = {isa = PBXFileReference; lastKnownFileType = sourcecode.swift; path = Constants.swift; sourceTree = "<group>"; };
		45C45FEB2ADF302E00D9B140 /* GFItemInfoView.swift */ = {isa = PBXFileReference; lastKnownFileType = sourcecode.swift; path = GFItemInfoView.swift; sourceTree = "<group>"; };
		45E895A12AD5C683003E96BB /* GithubFollowers.app */ = {isa = PBXFileReference; explicitFileType = wrapper.application; includeInIndex = 0; path = GithubFollowers.app; sourceTree = BUILT_PRODUCTS_DIR; };
		45E895A42AD5C683003E96BB /* AppDelegate.swift */ = {isa = PBXFileReference; lastKnownFileType = sourcecode.swift; path = AppDelegate.swift; sourceTree = "<group>"; };
		45E895A62AD5C683003E96BB /* SceneDelegate.swift */ = {isa = PBXFileReference; lastKnownFileType = sourcecode.swift; path = SceneDelegate.swift; sourceTree = "<group>"; };
		45E895AD2AD5C684003E96BB /* Assets.xcassets */ = {isa = PBXFileReference; lastKnownFileType = folder.assetcatalog; path = Assets.xcassets; sourceTree = "<group>"; };
		45E895B02AD5C684003E96BB /* Base */ = {isa = PBXFileReference; lastKnownFileType = file.storyboard; name = Base; path = Base.lproj/LaunchScreen.storyboard; sourceTree = "<group>"; };
		45E895B22AD5C684003E96BB /* Info.plist */ = {isa = PBXFileReference; lastKnownFileType = text.plist.xml; path = Info.plist; sourceTree = "<group>"; };
		45F1D5182AE16483002FF1F2 /* GFItemInfoViewController.swift */ = {isa = PBXFileReference; lastKnownFileType = sourcecode.swift; path = GFItemInfoViewController.swift; sourceTree = "<group>"; };
		45F1D51A2AE169C2002FF1F2 /* GFItemPRepoViewController.swift */ = {isa = PBXFileReference; lastKnownFileType = sourcecode.swift; path = GFItemPRepoViewController.swift; sourceTree = "<group>"; };
		45F1D51C2AE16D8E002FF1F2 /* GFFollowersItemViewController.swift */ = {isa = PBXFileReference; lastKnownFileType = sourcecode.swift; path = GFFollowersItemViewController.swift; sourceTree = "<group>"; };
		45F1D51F2AE182BB002FF1F2 /* Date+Extension.swift */ = {isa = PBXFileReference; lastKnownFileType = sourcecode.swift; path = "Date+Extension.swift"; sourceTree = "<group>"; };
		45F1D5212AE182F2002FF1F2 /* String+Extension.swift */ = {isa = PBXFileReference; lastKnownFileType = sourcecode.swift; path = "String+Extension.swift"; sourceTree = "<group>"; };
		45F4B4AF2AD83ED000296257 /* UIViewController+Extensions.swift */ = {isa = PBXFileReference; lastKnownFileType = sourcecode.swift; path = "UIViewController+Extensions.swift"; sourceTree = "<group>"; };
		45F4B4B12AD8406E00296257 /* GFCustomButton.swift */ = {isa = PBXFileReference; lastKnownFileType = sourcecode.swift; path = GFCustomButton.swift; sourceTree = "<group>"; };
		45F4B4B32AD8459F00296257 /* GFCustomTextField.swift */ = {isa = PBXFileReference; lastKnownFileType = sourcecode.swift; path = GFCustomTextField.swift; sourceTree = "<group>"; };
		45F4B4B52AD8657400296257 /* GFFollowersListViewController.swift */ = {isa = PBXFileReference; lastKnownFileType = sourcecode.swift; path = GFFollowersListViewController.swift; sourceTree = "<group>"; };
/* End PBXFileReference section */

/* Begin PBXFrameworksBuildPhase section */
		45E8959E2AD5C682003E96BB /* Frameworks */ = {
			isa = PBXFrameworksBuildPhase;
			buildActionMask = 2147483647;
			files = (
			);
			runOnlyForDeploymentPostprocessing = 0;
		};
/* End PBXFrameworksBuildPhase section */

/* Begin PBXGroup section */
		45138A0C2ADAB345008E1F0A /* Labels */ = {
			isa = PBXGroup;
			children = (
				453977502AD98BEC00CFDF04 /* GFTitleLabel.swift */,
				45C45FE72ADF0BD200D9B140 /* GFSecondaryTitleLabel.swift */,
				453977522AD98E3E00CFDF04 /* GFBodyLabel.swift */,
			);
			path = Labels;
			sourceTree = "<group>";
		};
		45138A0D2ADAB359008E1F0A /* Buttons */ = {
			isa = PBXGroup;
			children = (
				45F4B4B12AD8406E00296257 /* GFCustomButton.swift */,
			);
			path = Buttons;
			sourceTree = "<group>";
		};
		45138A0E2ADAB36F008E1F0A /* TextField */ = {
			isa = PBXGroup;
			children = (
				45F4B4B32AD8459F00296257 /* GFCustomTextField.swift */,
			);
			path = TextField;
			sourceTree = "<group>";
		};
		45138A0F2ADAB3ED008E1F0A /* Cells */ = {
			isa = PBXGroup;
			children = (
				45138A102ADAB40C008E1F0A /* GFFollowerCollectionViewCell.swift */,
			);
			path = Cells;
			sourceTree = "<group>";
		};
		45138A122ADAB4CD008E1F0A /* Image View */ = {
			isa = PBXGroup;
			children = (
				45138A132ADAB4F6008E1F0A /* GFAvatarImageView.swift */,
			);
			path = "Image View";
			sourceTree = "<group>";
		};
		453977562AD9BF7100CFDF04 /* Controllers */ = {
			isa = PBXGroup;
			children = (
				453977542AD98FC400CFDF04 /* GFCustomAlertViewController.swift */,
				45C45FE52ADF0B4700D9B140 /* GFUserHeaderViewController.swift */,
				453977572AD9BF9200CFDF04 /* Core */,
				453977582AD9BFA600CFDF04 /* Others */,
			);
			path = Controllers;
			sourceTree = "<group>";
		};
		453977572AD9BF9200CFDF04 /* Core */ = {
			isa = PBXGroup;
			children = (
				453956612AD7058E00CB5396 /* GFSearchViewController.swift */,
				453956632AD705C100CB5396 /* GFFavoritesListViewController.swift */,
			);
			path = Core;
			sourceTree = "<group>";
		};
		453977582AD9BFA600CFDF04 /* Others */ = {
			isa = PBXGroup;
			children = (
				45F4B4B52AD8657400296257 /* GFFollowersListViewController.swift */,
				45C45FE32ADEF4C800D9B140 /* GFUserInfoViewController.swift */,
			);
			path = Others;
			sourceTree = "<group>";
		};
		453977592AD9BFDF00CFDF04 /* Views */ = {
			isa = PBXGroup;
			children = (
				45F1D51E2AE16E91002FF1F2 /* ItemInfoViewControllers */,
				45138A0F2ADAB3ED008E1F0A /* Cells */,
				4539775B2AD9C04F00CFDF04 /* CustomViews */,
			);
			path = Views;
			sourceTree = "<group>";
		};
		4539775A2AD9C00E00CFDF04 /* Resources */ = {
			isa = PBXGroup;
			children = (
				45F4B4AF2AD83ED000296257 /* UIViewController+Extensions.swift */,
				45F1D51F2AE182BB002FF1F2 /* Date+Extension.swift */,
				45F1D5212AE182F2002FF1F2 /* String+Extension.swift */,
				45E895A42AD5C683003E96BB /* AppDelegate.swift */,
				45E895A62AD5C683003E96BB /* SceneDelegate.swift */,
				45E895AD2AD5C684003E96BB /* Assets.xcassets */,
			);
			path = Resources;
			sourceTree = "<group>";
		};
		4539775B2AD9C04F00CFDF04 /* CustomViews */ = {
			isa = PBXGroup;
			children = (
				45E895AF2AD5C684003E96BB /* LaunchScreen.storyboard */,
				453673262ADDB86500390549 /* GFEmptyStateView.swift */,
				45138A122ADAB4CD008E1F0A /* Image View */,
				45138A0E2ADAB36F008E1F0A /* TextField */,
				45138A0D2ADAB359008E1F0A /* Buttons */,
				45138A0C2ADAB345008E1F0A /* Labels */,
			);
			path = CustomViews;
			sourceTree = "<group>";
		};
		4539775C2AD9CC5700CFDF04 /* Model */ = {
			isa = PBXGroup;
			children = (
				4539775D2AD9CC7500CFDF04 /* GFFollower.swift */,
				4539775F2AD9CD4900CFDF04 /* GFUser.swift */,
			);
			path = Model;
			sourceTree = "<group>";
		};
		453977612AD9D27700CFDF04 /* Managers */ = {
			isa = PBXGroup;
			children = (
				453977622AD9D28600CFDF04 /* GFNetworkManager.swift */,
			);
			path = Managers;
			sourceTree = "<group>";
		};
		453977642AD9E90F00CFDF04 /* Utilities */ = {
			isa = PBXGroup;
			children = (
				453977652AD9E92600CFDF04 /* GFError.swift */,
				453673242ADD791B00390549 /* UIHelper.swift */,
				45C45FE92ADF148D00D9B140 /* Constants.swift */,
			);
			path = Utilities;
			sourceTree = "<group>";
		};
		45E895982AD5C682003E96BB = {
			isa = PBXGroup;
			children = (
				45E895A32AD5C683003E96BB /* GithubFollowers */,
				45E895A22AD5C683003E96BB /* Products */,
			);
			sourceTree = "<group>";
		};
		45E895A22AD5C683003E96BB /* Products */ = {
			isa = PBXGroup;
			children = (
				45E895A12AD5C683003E96BB /* GithubFollowers.app */,
			);
			name = Products;
			sourceTree = "<group>";
		};
		45E895A32AD5C683003E96BB /* GithubFollowers */ = {
			isa = PBXGroup;
			children = (
				453977642AD9E90F00CFDF04 /* Utilities */,
				453977612AD9D27700CFDF04 /* Managers */,
				4539775A2AD9C00E00CFDF04 /* Resources */,
				4539775C2AD9CC5700CFDF04 /* Model */,
				453977592AD9BFDF00CFDF04 /* Views */,
				453977562AD9BF7100CFDF04 /* Controllers */,
				45E895B22AD5C684003E96BB /* Info.plist */,
			);
			path = GithubFollowers;
			sourceTree = "<group>";
		};
		45F1D51E2AE16E91002FF1F2 /* ItemInfoViewControllers */ = {
			isa = PBXGroup;
			children = (
				45F1D5182AE16483002FF1F2 /* GFItemInfoViewController.swift */,
				45C45FEB2ADF302E00D9B140 /* GFItemInfoView.swift */,
				45F1D51A2AE169C2002FF1F2 /* GFItemPRepoViewController.swift */,
				45F1D51C2AE16D8E002FF1F2 /* GFFollowersItemViewController.swift */,
			);
			path = ItemInfoViewControllers;
			sourceTree = "<group>";
		};
/* End PBXGroup section */

/* Begin PBXNativeTarget section */
		45E895A02AD5C682003E96BB /* GithubFollowers */ = {
			isa = PBXNativeTarget;
			buildConfigurationList = 45E895B52AD5C684003E96BB /* Build configuration list for PBXNativeTarget "GithubFollowers" */;
			buildPhases = (
				45E8959D2AD5C682003E96BB /* Sources */,
				45E8959E2AD5C682003E96BB /* Frameworks */,
				45E8959F2AD5C682003E96BB /* Resources */,
			);
			buildRules = (
			);
			dependencies = (
			);
			name = GithubFollowers;
			productName = GithubFollowers;
			productReference = 45E895A12AD5C683003E96BB /* GithubFollowers.app */;
			productType = "com.apple.product-type.application";
		};
/* End PBXNativeTarget section */

/* Begin PBXProject section */
		45E895992AD5C682003E96BB /* Project object */ = {
			isa = PBXProject;
			attributes = {
				BuildIndependentTargetsInParallel = 1;
				LastSwiftUpdateCheck = 1500;
				LastUpgradeCheck = 1500;
				TargetAttributes = {
					45E895A02AD5C682003E96BB = {
						CreatedOnToolsVersion = 15.0;
					};
				};
			};
			buildConfigurationList = 45E8959C2AD5C682003E96BB /* Build configuration list for PBXProject "GithubFollowers" */;
			compatibilityVersion = "Xcode 14.0";
			developmentRegion = en;
			hasScannedForEncodings = 0;
			knownRegions = (
				en,
				Base,
			);
			mainGroup = 45E895982AD5C682003E96BB;
			productRefGroup = 45E895A22AD5C683003E96BB /* Products */;
			projectDirPath = "";
			projectRoot = "";
			targets = (
				45E895A02AD5C682003E96BB /* GithubFollowers */,
			);
		};
/* End PBXProject section */

/* Begin PBXResourcesBuildPhase section */
		45E8959F2AD5C682003E96BB /* Resources */ = {
			isa = PBXResourcesBuildPhase;
			buildActionMask = 2147483647;
			files = (
				45E895B12AD5C684003E96BB /* LaunchScreen.storyboard in Resources */,
				45E895AE2AD5C684003E96BB /* Assets.xcassets in Resources */,
			);
			runOnlyForDeploymentPostprocessing = 0;
		};
/* End PBXResourcesBuildPhase section */

/* Begin PBXSourcesBuildPhase section */
		45E8959D2AD5C682003E96BB /* Sources */ = {
			isa = PBXSourcesBuildPhase;
			buildActionMask = 2147483647;
			files = (
				45C45FEA2ADF148D00D9B140 /* Constants.swift in Sources */,
				45F1D51B2AE169C2002FF1F2 /* GFItemPRepoViewController.swift in Sources */,
				45F4B4B02AD83ED000296257 /* UIViewController+Extensions.swift in Sources */,
				453977662AD9E92600CFDF04 /* GFError.swift in Sources */,
				45F4B4B22AD8406E00296257 /* GFCustomButton.swift in Sources */,
				45F1D51D2AE16D8E002FF1F2 /* GFFollowersItemViewController.swift in Sources */,
				453956622AD7058E00CB5396 /* GFSearchViewController.swift in Sources */,
				45E895A52AD5C683003E96BB /* AppDelegate.swift in Sources */,
				453673252ADD791B00390549 /* UIHelper.swift in Sources */,
				45138A142ADAB4F6008E1F0A /* GFAvatarImageView.swift in Sources */,
				45F4B4B62AD8657400296257 /* GFFollowersListViewController.swift in Sources */,
				453977552AD98FC400CFDF04 /* GFCustomAlertViewController.swift in Sources */,
				45C45FEC2ADF302E00D9B140 /* GFItemInfoView.swift in Sources */,
				45138A112ADAB40C008E1F0A /* GFFollowerCollectionViewCell.swift in Sources */,
				453956642AD705C100CB5396 /* GFFavoritesListViewController.swift in Sources */,
				45C45FE62ADF0B4700D9B140 /* GFUserHeaderViewController.swift in Sources */,
				453977512AD98BEC00CFDF04 /* GFTitleLabel.swift in Sources */,
				45C45FE42ADEF4C800D9B140 /* GFUserInfoViewController.swift in Sources */,
				45F4B4B42AD8459F00296257 /* GFCustomTextField.swift in Sources */,
				45C45FE82ADF0BD200D9B140 /* GFSecondaryTitleLabel.swift in Sources */,
				453977632AD9D28600CFDF04 /* GFNetworkManager.swift in Sources */,
				453673272ADDB86500390549 /* GFEmptyStateView.swift in Sources */,
				45E895A72AD5C683003E96BB /* SceneDelegate.swift in Sources */,
				45F1D5192AE16483002FF1F2 /* GFItemInfoViewController.swift in Sources */,
				453977602AD9CD4900CFDF04 /* GFUser.swift in Sources */,
				45F1D5202AE182BB002FF1F2 /* Date+Extension.swift in Sources */,
				4539775E2AD9CC7500CFDF04 /* GFFollower.swift in Sources */,
				45F1D5222AE182F2002FF1F2 /* String+Extension.swift in Sources */,
				453977532AD98E3E00CFDF04 /* GFBodyLabel.swift in Sources */,
			);
			runOnlyForDeploymentPostprocessing = 0;
		};
/* End PBXSourcesBuildPhase section */

/* Begin PBXVariantGroup section */
		45E895AF2AD5C684003E96BB /* LaunchScreen.storyboard */ = {
			isa = PBXVariantGroup;
			children = (
				45E895B02AD5C684003E96BB /* Base */,
			);
			name = LaunchScreen.storyboard;
			sourceTree = "<group>";
		};
/* End PBXVariantGroup section */

/* Begin XCBuildConfiguration section */
		45E895B32AD5C684003E96BB /* Debug */ = {
			isa = XCBuildConfiguration;
			buildSettings = {
				ALWAYS_SEARCH_USER_PATHS = NO;
				ASSETCATALOG_COMPILER_GENERATE_SWIFT_ASSET_SYMBOL_EXTENSIONS = YES;
				CLANG_ANALYZER_NONNULL = YES;
				CLANG_ANALYZER_NUMBER_OBJECT_CONVERSION = YES_AGGRESSIVE;
				CLANG_CXX_LANGUAGE_STANDARD = "gnu++20";
				CLANG_ENABLE_MODULES = YES;
				CLANG_ENABLE_OBJC_ARC = YES;
				CLANG_ENABLE_OBJC_WEAK = YES;
				CLANG_WARN_BLOCK_CAPTURE_AUTORELEASING = YES;
				CLANG_WARN_BOOL_CONVERSION = YES;
				CLANG_WARN_COMMA = YES;
				CLANG_WARN_CONSTANT_CONVERSION = YES;
				CLANG_WARN_DEPRECATED_OBJC_IMPLEMENTATIONS = YES;
				CLANG_WARN_DIRECT_OBJC_ISA_USAGE = YES_ERROR;
				CLANG_WARN_DOCUMENTATION_COMMENTS = YES;
				CLANG_WARN_EMPTY_BODY = YES;
				CLANG_WARN_ENUM_CONVERSION = YES;
				CLANG_WARN_INFINITE_RECURSION = YES;
				CLANG_WARN_INT_CONVERSION = YES;
				CLANG_WARN_NON_LITERAL_NULL_CONVERSION = YES;
				CLANG_WARN_OBJC_IMPLICIT_RETAIN_SELF = YES;
				CLANG_WARN_OBJC_LITERAL_CONVERSION = YES;
				CLANG_WARN_OBJC_ROOT_CLASS = YES_ERROR;
				CLANG_WARN_QUOTED_INCLUDE_IN_FRAMEWORK_HEADER = YES;
				CLANG_WARN_RANGE_LOOP_ANALYSIS = YES;
				CLANG_WARN_STRICT_PROTOTYPES = YES;
				CLANG_WARN_SUSPICIOUS_MOVE = YES;
				CLANG_WARN_UNGUARDED_AVAILABILITY = YES_AGGRESSIVE;
				CLANG_WARN_UNREACHABLE_CODE = YES;
				CLANG_WARN__DUPLICATE_METHOD_MATCH = YES;
				COPY_PHASE_STRIP = NO;
				DEBUG_INFORMATION_FORMAT = dwarf;
				ENABLE_STRICT_OBJC_MSGSEND = YES;
				ENABLE_TESTABILITY = YES;
				ENABLE_USER_SCRIPT_SANDBOXING = YES;
				GCC_C_LANGUAGE_STANDARD = gnu17;
				GCC_DYNAMIC_NO_PIC = NO;
				GCC_NO_COMMON_BLOCKS = YES;
				GCC_OPTIMIZATION_LEVEL = 0;
				GCC_PREPROCESSOR_DEFINITIONS = (
					"DEBUG=1",
					"$(inherited)",
				);
				GCC_WARN_64_TO_32_BIT_CONVERSION = YES;
				GCC_WARN_ABOUT_RETURN_TYPE = YES_ERROR;
				GCC_WARN_UNDECLARED_SELECTOR = YES;
				GCC_WARN_UNINITIALIZED_AUTOS = YES_AGGRESSIVE;
				GCC_WARN_UNUSED_FUNCTION = YES;
				GCC_WARN_UNUSED_VARIABLE = YES;
				IPHONEOS_DEPLOYMENT_TARGET = 17.0;
				LOCALIZATION_PREFERS_STRING_CATALOGS = YES;
				MTL_ENABLE_DEBUG_INFO = INCLUDE_SOURCE;
				MTL_FAST_MATH = YES;
				ONLY_ACTIVE_ARCH = YES;
				SDKROOT = iphoneos;
				SWIFT_ACTIVE_COMPILATION_CONDITIONS = "DEBUG $(inherited)";
				SWIFT_OPTIMIZATION_LEVEL = "-Onone";
			};
			name = Debug;
		};
		45E895B42AD5C684003E96BB /* Release */ = {
			isa = XCBuildConfiguration;
			buildSettings = {
				ALWAYS_SEARCH_USER_PATHS = NO;
				ASSETCATALOG_COMPILER_GENERATE_SWIFT_ASSET_SYMBOL_EXTENSIONS = YES;
				CLANG_ANALYZER_NONNULL = YES;
				CLANG_ANALYZER_NUMBER_OBJECT_CONVERSION = YES_AGGRESSIVE;
				CLANG_CXX_LANGUAGE_STANDARD = "gnu++20";
				CLANG_ENABLE_MODULES = YES;
				CLANG_ENABLE_OBJC_ARC = YES;
				CLANG_ENABLE_OBJC_WEAK = YES;
				CLANG_WARN_BLOCK_CAPTURE_AUTORELEASING = YES;
				CLANG_WARN_BOOL_CONVERSION = YES;
				CLANG_WARN_COMMA = YES;
				CLANG_WARN_CONSTANT_CONVERSION = YES;
				CLANG_WARN_DEPRECATED_OBJC_IMPLEMENTATIONS = YES;
				CLANG_WARN_DIRECT_OBJC_ISA_USAGE = YES_ERROR;
				CLANG_WARN_DOCUMENTATION_COMMENTS = YES;
				CLANG_WARN_EMPTY_BODY = YES;
				CLANG_WARN_ENUM_CONVERSION = YES;
				CLANG_WARN_INFINITE_RECURSION = YES;
				CLANG_WARN_INT_CONVERSION = YES;
				CLANG_WARN_NON_LITERAL_NULL_CONVERSION = YES;
				CLANG_WARN_OBJC_IMPLICIT_RETAIN_SELF = YES;
				CLANG_WARN_OBJC_LITERAL_CONVERSION = YES;
				CLANG_WARN_OBJC_ROOT_CLASS = YES_ERROR;
				CLANG_WARN_QUOTED_INCLUDE_IN_FRAMEWORK_HEADER = YES;
				CLANG_WARN_RANGE_LOOP_ANALYSIS = YES;
				CLANG_WARN_STRICT_PROTOTYPES = YES;
				CLANG_WARN_SUSPICIOUS_MOVE = YES;
				CLANG_WARN_UNGUARDED_AVAILABILITY = YES_AGGRESSIVE;
				CLANG_WARN_UNREACHABLE_CODE = YES;
				CLANG_WARN__DUPLICATE_METHOD_MATCH = YES;
				COPY_PHASE_STRIP = NO;
				DEBUG_INFORMATION_FORMAT = "dwarf-with-dsym";
				ENABLE_NS_ASSERTIONS = NO;
				ENABLE_STRICT_OBJC_MSGSEND = YES;
				ENABLE_USER_SCRIPT_SANDBOXING = YES;
				GCC_C_LANGUAGE_STANDARD = gnu17;
				GCC_NO_COMMON_BLOCKS = YES;
				GCC_WARN_64_TO_32_BIT_CONVERSION = YES;
				GCC_WARN_ABOUT_RETURN_TYPE = YES_ERROR;
				GCC_WARN_UNDECLARED_SELECTOR = YES;
				GCC_WARN_UNINITIALIZED_AUTOS = YES_AGGRESSIVE;
				GCC_WARN_UNUSED_FUNCTION = YES;
				GCC_WARN_UNUSED_VARIABLE = YES;
				IPHONEOS_DEPLOYMENT_TARGET = 17.0;
				LOCALIZATION_PREFERS_STRING_CATALOGS = YES;
				MTL_ENABLE_DEBUG_INFO = NO;
				MTL_FAST_MATH = YES;
				SDKROOT = iphoneos;
				SWIFT_COMPILATION_MODE = wholemodule;
				VALIDATE_PRODUCT = YES;
			};
			name = Release;
		};
		45E895B62AD5C684003E96BB /* Debug */ = {
			isa = XCBuildConfiguration;
			buildSettings = {
				ASSETCATALOG_COMPILER_APPICON_NAME = AppIcon;
				ASSETCATALOG_COMPILER_GLOBAL_ACCENT_COLOR_NAME = AccentColor;
				CODE_SIGN_STYLE = Automatic;
				CURRENT_PROJECT_VERSION = 1;
				DEVELOPMENT_TEAM = N2G2NDDG29;
				GENERATE_INFOPLIST_FILE = YES;
				INFOPLIST_FILE = GithubFollowers/Info.plist;
				INFOPLIST_KEY_UIApplicationSupportsIndirectInputEvents = YES;
				INFOPLIST_KEY_UILaunchStoryboardName = LaunchScreen;
				INFOPLIST_KEY_UISupportedInterfaceOrientations = UIInterfaceOrientationPortrait;
				INFOPLIST_KEY_UISupportedInterfaceOrientations_iPad = "UIInterfaceOrientationLandscapeLeft UIInterfaceOrientationLandscapeRight UIInterfaceOrientationPortrait UIInterfaceOrientationPortraitUpsideDown";
				IPHONEOS_DEPLOYMENT_TARGET = 16.0;
				LD_RUNPATH_SEARCH_PATHS = (
					"$(inherited)",
					"@executable_path/Frameworks",
				);
				MARKETING_VERSION = 1.0;
				PRODUCT_BUNDLE_IDENTIFIER = com.ahmettarik.GithubFollowers;
				PRODUCT_NAME = "$(TARGET_NAME)";
				SWIFT_EMIT_LOC_STRINGS = YES;
				SWIFT_VERSION = 5.0;
				TARGETED_DEVICE_FAMILY = "1,2";
			};
			name = Debug;
		};
		45E895B72AD5C684003E96BB /* Release */ = {
			isa = XCBuildConfiguration;
			buildSettings = {
				ASSETCATALOG_COMPILER_APPICON_NAME = AppIcon;
				ASSETCATALOG_COMPILER_GLOBAL_ACCENT_COLOR_NAME = AccentColor;
				CODE_SIGN_STYLE = Automatic;
				CURRENT_PROJECT_VERSION = 1;
				DEVELOPMENT_TEAM = N2G2NDDG29;
				GENERATE_INFOPLIST_FILE = YES;
				INFOPLIST_FILE = GithubFollowers/Info.plist;
				INFOPLIST_KEY_UIApplicationSupportsIndirectInputEvents = YES;
				INFOPLIST_KEY_UILaunchStoryboardName = LaunchScreen;
				INFOPLIST_KEY_UISupportedInterfaceOrientations = UIInterfaceOrientationPortrait;
				INFOPLIST_KEY_UISupportedInterfaceOrientations_iPad = "UIInterfaceOrientationLandscapeLeft UIInterfaceOrientationLandscapeRight UIInterfaceOrientationPortrait UIInterfaceOrientationPortraitUpsideDown";
				IPHONEOS_DEPLOYMENT_TARGET = 16.0;
				LD_RUNPATH_SEARCH_PATHS = (
					"$(inherited)",
					"@executable_path/Frameworks",
				);
				MARKETING_VERSION = 1.0;
				PRODUCT_BUNDLE_IDENTIFIER = com.ahmettarik.GithubFollowers;
				PRODUCT_NAME = "$(TARGET_NAME)";
				SWIFT_EMIT_LOC_STRINGS = YES;
				SWIFT_VERSION = 5.0;
				TARGETED_DEVICE_FAMILY = "1,2";
			};
			name = Release;
		};
/* End XCBuildConfiguration section */

/* Begin XCConfigurationList section */
		45E8959C2AD5C682003E96BB /* Build configuration list for PBXProject "GithubFollowers" */ = {
			isa = XCConfigurationList;
			buildConfigurations = (
				45E895B32AD5C684003E96BB /* Debug */,
				45E895B42AD5C684003E96BB /* Release */,
			);
			defaultConfigurationIsVisible = 0;
			defaultConfigurationName = Release;
		};
		45E895B52AD5C684003E96BB /* Build configuration list for PBXNativeTarget "GithubFollowers" */ = {
			isa = XCConfigurationList;
			buildConfigurations = (
				45E895B62AD5C684003E96BB /* Debug */,
				45E895B72AD5C684003E96BB /* Release */,
			);
			defaultConfigurationIsVisible = 0;
			defaultConfigurationName = Release;
		};
/* End XCConfigurationList section */
	};
	rootObject = 45E895992AD5C682003E96BB /* Project object */;
}
